// !$*UTF8*$!
{
	archiveVersion = 1;
	classes = {
	};
	objectVersion = 50;
	objects = {

/* Begin PBXBuildFile section */
		660C7E582202BE0E00A39687 /* AppDelegate.swift in Sources */ = {isa = PBXBuildFile; fileRef = 660C7E572202BE0E00A39687 /* AppDelegate.swift */; };
		660C7E5A2202BE0E00A39687 /* WelcomeVC.swift in Sources */ = {isa = PBXBuildFile; fileRef = 660C7E592202BE0E00A39687 /* WelcomeVC.swift */; };
		660C7E5D2202BE0E00A39687 /* Main.storyboard in Resources */ = {isa = PBXBuildFile; fileRef = 660C7E5B2202BE0E00A39687 /* Main.storyboard */; };
		660C7E5F2202BE1000A39687 /* Assets.xcassets in Resources */ = {isa = PBXBuildFile; fileRef = 660C7E5E2202BE1000A39687 /* Assets.xcassets */; };
		660C7E622202BE1000A39687 /* LaunchScreen.storyboard in Resources */ = {isa = PBXBuildFile; fileRef = 660C7E602202BE1000A39687 /* LaunchScreen.storyboard */; };
		660C7E6B2202C25C00A39687 /* BorderButton.swift in Sources */ = {isa = PBXBuildFile; fileRef = 660C7E6A2202C25C00A39687 /* BorderButton.swift */; };
		660C7E6F2202DE3500A39687 /* LeagueVC.swift in Sources */ = {isa = PBXBuildFile; fileRef = 660C7E6E2202DE3500A39687 /* LeagueVC.swift */; };
		660C7E712202DE4500A39687 /* SkillVC.swift in Sources */ = {isa = PBXBuildFile; fileRef = 660C7E702202DE4500A39687 /* SkillVC.swift */; };
		660C7E7322036CA700A39687 /* Player.swift in Sources */ = {isa = PBXBuildFile; fileRef = 660C7E7222036CA700A39687 /* Player.swift */; };
/* End PBXBuildFile section */

/* Begin PBXFileReference section */
		660C7E542202BE0E00A39687 /* App-Swoosh.app */ = {isa = PBXFileReference; explicitFileType = wrapper.application; includeInIndex = 0; path = "App-Swoosh.app"; sourceTree = BUILT_PRODUCTS_DIR; };
		660C7E572202BE0E00A39687 /* AppDelegate.swift */ = {isa = PBXFileReference; lastKnownFileType = sourcecode.swift; path = AppDelegate.swift; sourceTree = "<group>"; };
		660C7E592202BE0E00A39687 /* WelcomeVC.swift */ = {isa = PBXFileReference; lastKnownFileType = sourcecode.swift; path = WelcomeVC.swift; sourceTree = "<group>"; };
		660C7E5C2202BE0E00A39687 /* Base */ = {isa = PBXFileReference; lastKnownFileType = file.storyboard; name = Base; path = Base.lproj/Main.storyboard; sourceTree = "<group>"; };
		660C7E5E2202BE1000A39687 /* Assets.xcassets */ = {isa = PBXFileReference; lastKnownFileType = folder.assetcatalog; path = Assets.xcassets; sourceTree = "<group>"; };
		660C7E612202BE1000A39687 /* Base */ = {isa = PBXFileReference; lastKnownFileType = file.storyboard; name = Base; path = Base.lproj/LaunchScreen.storyboard; sourceTree = "<group>"; };
		660C7E632202BE1000A39687 /* Info.plist */ = {isa = PBXFileReference; lastKnownFileType = text.plist.xml; path = Info.plist; sourceTree = "<group>"; };
		660C7E6A2202C25C00A39687 /* BorderButton.swift */ = {isa = PBXFileReference; lastKnownFileType = sourcecode.swift; path = BorderButton.swift; sourceTree = "<group>"; };
		660C7E6E2202DE3500A39687 /* LeagueVC.swift */ = {isa = PBXFileReference; lastKnownFileType = sourcecode.swift; path = LeagueVC.swift; sourceTree = "<group>"; };
		660C7E702202DE4500A39687 /* SkillVC.swift */ = {isa = PBXFileReference; lastKnownFileType = sourcecode.swift; path = SkillVC.swift; sourceTree = "<group>"; };
		660C7E7222036CA700A39687 /* Player.swift */ = {isa = PBXFileReference; lastKnownFileType = sourcecode.swift; path = Player.swift; sourceTree = "<group>"; };
/* End PBXFileReference section */

/* Begin PBXFrameworksBuildPhase section */
		660C7E512202BE0E00A39687 /* Frameworks */ = {
			isa = PBXFrameworksBuildPhase;
			buildActionMask = 2147483647;
			files = (
			);
			runOnlyForDeploymentPostprocessing = 0;
		};
/* End PBXFrameworksBuildPhase section */

/* Begin PBXGroup section */
		660C7E4B2202BE0E00A39687 = {
			isa = PBXGroup;
			children = (
				660C7E562202BE0E00A39687 /* App-Swoosh */,
				660C7E552202BE0E00A39687 /* Products */,
			);
			sourceTree = "<group>";
		};
		660C7E552202BE0E00A39687 /* Products */ = {
			isa = PBXGroup;
			children = (
				660C7E542202BE0E00A39687 /* App-Swoosh.app */,
			);
			name = Products;
			sourceTree = "<group>";
		};
		660C7E562202BE0E00A39687 /* App-Swoosh */ = {
			isa = PBXGroup;
			children = (
				660C7E6D2202DD7000A39687 /* Model */,
				660C7E6C2202DD6600A39687 /* Controller */,
				660C7E692202C23600A39687 /* View */,
				660C7E572202BE0E00A39687 /* AppDelegate.swift */,
				660C7E5B2202BE0E00A39687 /* Main.storyboard */,
				660C7E5E2202BE1000A39687 /* Assets.xcassets */,
				660C7E602202BE1000A39687 /* LaunchScreen.storyboard */,
				660C7E632202BE1000A39687 /* Info.plist */,
			);
			path = "App-Swoosh";
			sourceTree = "<group>";
		};
		660C7E692202C23600A39687 /* View */ = {
			isa = PBXGroup;
			children = (
				660C7E6A2202C25C00A39687 /* BorderButton.swift */,
			);
			path = View;
			sourceTree = "<group>";
		};
		660C7E6C2202DD6600A39687 /* Controller */ = {
			isa = PBXGroup;
			children = (
				660C7E592202BE0E00A39687 /* WelcomeVC.swift */,
				660C7E6E2202DE3500A39687 /* LeagueVC.swift */,
				660C7E702202DE4500A39687 /* SkillVC.swift */,
			);
			path = Controller;
			sourceTree = "<group>";
		};
		660C7E6D2202DD7000A39687 /* Model */ = {
			isa = PBXGroup;
			children = (
				660C7E7222036CA700A39687 /* Player.swift */,
			);
			path = Model;
			sourceTree = "<group>";
		};
/* End PBXGroup section */

/* Begin PBXNativeTarget section */
		660C7E532202BE0E00A39687 /* App-Swoosh */ = {
			isa = PBXNativeTarget;
			buildConfigurationList = 660C7E662202BE1000A39687 /* Build configuration list for PBXNativeTarget "App-Swoosh" */;
			buildPhases = (
				660C7E502202BE0E00A39687 /* Sources */,
				660C7E512202BE0E00A39687 /* Frameworks */,
				660C7E522202BE0E00A39687 /* Resources */,
			);
			buildRules = (
			);
			dependencies = (
			);
			name = "App-Swoosh";
			productName = "App-Swoosh";
			productReference = 660C7E542202BE0E00A39687 /* App-Swoosh.app */;
			productType = "com.apple.product-type.application";
		};
/* End PBXNativeTarget section */

/* Begin PBXProject section */
		660C7E4C2202BE0E00A39687 /* Project object */ = {
			isa = PBXProject;
			attributes = {
				LastSwiftUpdateCheck = 1010;
				LastUpgradeCheck = 1010;
				ORGANIZATIONNAME = "OneOrangeTree LLC";
				TargetAttributes = {
					660C7E532202BE0E00A39687 = {
						CreatedOnToolsVersion = 10.1;
					};
				};
			};
			buildConfigurationList = 660C7E4F2202BE0E00A39687 /* Build configuration list for PBXProject "App-Swoosh" */;
			compatibilityVersion = "Xcode 9.3";
			developmentRegion = en;
			hasScannedForEncodings = 0;
			knownRegions = (
				en,
				Base,
			);
			mainGroup = 660C7E4B2202BE0E00A39687;
			productRefGroup = 660C7E552202BE0E00A39687 /* Products */;
			projectDirPath = "";
			projectRoot = "";
			targets = (
				660C7E532202BE0E00A39687 /* App-Swoosh */,
			);
		};
/* End PBXProject section */

/* Begin PBXResourcesBuildPhase section */
		660C7E522202BE0E00A39687 /* Resources */ = {
			isa = PBXResourcesBuildPhase;
			buildActionMask = 2147483647;
			files = (
				660C7E622202BE1000A39687 /* LaunchScreen.storyboard in Resources */,
				660C7E5F2202BE1000A39687 /* Assets.xcassets in Resources */,
				660C7E5D2202BE0E00A39687 /* Main.storyboard in Resources */,
			);
			runOnlyForDeploymentPostprocessing = 0;
		};
/* End PBXResourcesBuildPhase section */

/* Begin PBXSourcesBuildPhase section */
		660C7E502202BE0E00A39687 /* Sources */ = {
			isa = PBXSourcesBuildPhase;
			buildActionMask = 2147483647;
			files = (
				660C7E5A2202BE0E00A39687 /* WelcomeVC.swift in Sources */,
				660C7E6F2202DE3500A39687 /* LeagueVC.swift in Sources */,
				660C7E582202BE0E00A39687 /* AppDelegate.swift in Sources */,
				660C7E712202DE4500A39687 /* SkillVC.swift in Sources */,
				660C7E7322036CA700A39687 /* Player.swift in Sources */,
				660C7E6B2202C25C00A39687 /* BorderButton.swift in Sources */,
			);
			runOnlyForDeploymentPostprocessing = 0;
		};
/* End PBXSourcesBuildPhase section */

/* Begin PBXVariantGroup section */
		660C7E5B2202BE0E00A39687 /* Main.storyboard */ = {
			isa = PBXVariantGroup;
			children = (
				660C7E5C2202BE0E00A39687 /* Base */,
			);
			name = Main.storyboard;
			sourceTree = "<group>";
		};
		660C7E602202BE1000A39687 /* LaunchScreen.storyboard */ = {
			isa = PBXVariantGroup;
			children = (
				660C7E612202BE1000A39687 /* Base */,
			);
			name = LaunchScreen.storyboard;
			sourceTree = "<group>";
		};
/* End PBXVariantGroup section */

/* Begin XCBuildConfiguration section */
		660C7E642202BE1000A39687 /* Debug */ = {
			isa = XCBuildConfiguration;
			buildSettings = {
				ALWAYS_SEARCH_USER_PATHS = NO;
				CLANG_ANALYZER_NONNULL = YES;
				CLANG_ANALYZER_NUMBER_OBJECT_CONVERSION = YES_AGGRESSIVE;
				CLANG_CXX_LANGUAGE_STANDARD = "gnu++14";
				CLANG_CXX_LIBRARY = "libc++";
				CLANG_ENABLE_MODULES = YES;
				CLANG_ENABLE_OBJC_ARC = YES;
				CLANG_ENABLE_OBJC_WEAK = YES;
				CLANG_WARN_BLOCK_CAPTURE_AUTORELEASING = YES;
				CLANG_WARN_BOOL_CONVERSION = YES;
				CLANG_WARN_COMMA = YES;
				CLANG_WARN_CONSTANT_CONVERSION = YES;
				CLANG_WARN_DEPRECATED_OBJC_IMPLEMENTATIONS = YES;
				CLANG_WARN_DIRECT_OBJC_ISA_USAGE = YES_ERROR;
				CLANG_WARN_DOCUMENTATION_COMMENTS = YES;
				CLANG_WARN_EMPTY_BODY = YES;
				CLANG_WARN_ENUM_CONVERSION = YES;
				CLANG_WARN_INFINITE_RECURSION = YES;
				CLANG_WARN_INT_CONVERSION = YES;
				CLANG_WARN_NON_LITERAL_NULL_CONVERSION = YES;
				CLANG_WARN_OBJC_IMPLICIT_RETAIN_SELF = YES;
				CLANG_WARN_OBJC_LITERAL_CONVERSION = YES;
				CLANG_WARN_OBJC_ROOT_CLASS = YES_ERROR;
				CLANG_WARN_RANGE_LOOP_ANALYSIS = YES;
				CLANG_WARN_STRICT_PROTOTYPES = YES;
				CLANG_WARN_SUSPICIOUS_MOVE = YES;
				CLANG_WARN_UNGUARDED_AVAILABILITY = YES_AGGRESSIVE;
				CLANG_WARN_UNREACHABLE_CODE = YES;
				CLANG_WARN__DUPLICATE_METHOD_MATCH = YES;
				CODE_SIGN_IDENTITY = "iPhone Developer";
				COPY_PHASE_STRIP = NO;
				DEBUG_INFORMATION_FORMAT = dwarf;
				ENABLE_STRICT_OBJC_MSGSEND = YES;
				ENABLE_TESTABILITY = YES;
				GCC_C_LANGUAGE_STANDARD = gnu11;
				GCC_DYNAMIC_NO_PIC = NO;
				GCC_NO_COMMON_BLOCKS = YES;
				GCC_OPTIMIZATION_LEVEL = 0;
				GCC_PREPROCESSOR_DEFINITIONS = (
					"DEBUG=1",
					"$(inherited)",
				);
				GCC_WARN_64_TO_32_BIT_CONVERSION = YES;
				GCC_WARN_ABOUT_RETURN_TYPE = YES_ERROR;
				GCC_WARN_UNDECLARED_SELECTOR = YES;
				GCC_WARN_UNINITIALIZED_AUTOS = YES_AGGRESSIVE;
				GCC_WARN_UNUSED_FUNCTION = YES;
				GCC_WARN_UNUSED_VARIABLE = YES;
				IPHONEOS_DEPLOYMENT_TARGET = 12.1;
				MTL_ENABLE_DEBUG_INFO = INCLUDE_SOURCE;
				MTL_FAST_MATH = YES;
				ONLY_ACTIVE_ARCH = YES;
				SDKROOT = iphoneos;
				SWIFT_ACTIVE_COMPILATION_CONDITIONS = DEBUG;
				SWIFT_OPTIMIZATION_LEVEL = "-Onone";
			};
			name = Debug;
		};
		660C7E652202BE1000A39687 /* Release */ = {
			isa = XCBuildConfiguration;
			buildSettings = {
				ALWAYS_SEARCH_USER_PATHS = NO;
				CLANG_ANALYZER_NONNULL = YES;
				CLANG_ANALYZER_NUMBER_OBJECT_CONVERSION = YES_AGGRESSIVE;
				CLANG_CXX_LANGUAGE_STANDARD = "gnu++14";
				CLANG_CXX_LIBRARY = "libc++";
				CLANG_ENABLE_MODULES = YES;
				CLANG_ENABLE_OBJC_ARC = YES;
				CLANG_ENABLE_OBJC_WEAK = YES;
				CLANG_WARN_BLOCK_CAPTURE_AUTORELEASING = YES;
				CLANG_WARN_BOOL_CONVERSION = YES;
				CLANG_WARN_COMMA = YES;
				CLANG_WARN_CONSTANT_CONVERSION = YES;
				CLANG_WARN_DEPRECATED_OBJC_IMPLEMENTATIONS = YES;
				CLANG_WARN_DIRECT_OBJC_ISA_USAGE = YES_ERROR;
				CLANG_WARN_DOCUMENTATION_COMMENTS = YES;
				CLANG_WARN_EMPTY_BODY = YES;
				CLANG_WARN_ENUM_CONVERSION = YES;
				CLANG_WARN_INFINITE_RECURSION = YES;
				CLANG_WARN_INT_CONVERSION = YES;
				CLANG_WARN_NON_LITERAL_NULL_CONVERSION = YES;
				CLANG_WARN_OBJC_IMPLICIT_RETAIN_SELF = YES;
				CLANG_WARN_OBJC_LITERAL_CONVERSION = YES;
				CLANG_WARN_OBJC_ROOT_CLASS = YES_ERROR;
				CLANG_WARN_RANGE_LOOP_ANALYSIS = YES;
				CLANG_WARN_STRICT_PROTOTYPES = YES;
				CLANG_WARN_SUSPICIOUS_MOVE = YES;
				CLANG_WARN_UNGUARDED_AVAILABILITY = YES_AGGRESSIVE;
				CLANG_WARN_UNREACHABLE_CODE = YES;
				CLANG_WARN__DUPLICATE_METHOD_MATCH = YES;
				CODE_SIGN_IDENTITY = "iPhone Developer";
				COPY_PHASE_STRIP = NO;
				DEBUG_INFORMATION_FORMAT = "dwarf-with-dsym";
				ENABLE_NS_ASSERTIONS = NO;
				ENABLE_STRICT_OBJC_MSGSEND = YES;
				GCC_C_LANGUAGE_STANDARD = gnu11;
				GCC_NO_COMMON_BLOCKS = YES;
				GCC_WARN_64_TO_32_BIT_CONVERSION = YES;
				GCC_WARN_ABOUT_RETURN_TYPE = YES_ERROR;
				GCC_WARN_UNDECLARED_SELECTOR = YES;
				GCC_WARN_UNINITIALIZED_AUTOS = YES_AGGRESSIVE;
				GCC_WARN_UNUSED_FUNCTION = YES;
				GCC_WARN_UNUSED_VARIABLE = YES;
				IPHONEOS_DEPLOYMENT_TARGET = 12.1;
				MTL_ENABLE_DEBUG_INFO = NO;
				MTL_FAST_MATH = YES;
				SDKROOT = iphoneos;
				SWIFT_COMPILATION_MODE = wholemodule;
				SWIFT_OPTIMIZATION_LEVEL = "-O";
				VALIDATE_PRODUCT = YES;
			};
			name = Release;
		};
		660C7E672202BE1000A39687 /* Debug */ = {
			isa = XCBuildConfiguration;
			buildSettings = {
				ASSETCATALOG_COMPILER_APPICON_NAME = AppIcon;
				ASSETCATALOG_COMPILER_LAUNCHIMAGE_NAME = LaunchImage;
				CODE_SIGN_STYLE = Automatic;
				DEVELOPMENT_TEAM = H4R66KW2PW;
				INFOPLIST_FILE = "App-Swoosh/Info.plist";
				LD_RUNPATH_SEARCH_PATHS = (
					"$(inherited)",
					"@executable_path/Frameworks",
				);
				PRODUCT_BUNDLE_IDENTIFIER = "com.oneorangetree.App-Swoosh";
				PRODUCT_NAME = "$(TARGET_NAME)";
				SWIFT_VERSION = 4.2;
				TARGETED_DEVICE_FAMILY = "1,2";
			};
			name = Debug;
		};
		660C7E682202BE1000A39687 /* Release */ = {
			isa = XCBuildConfiguration;
			buildSettings = {
				ASSETCATALOG_COMPILER_APPICON_NAME = AppIcon;
				ASSETCATALOG_COMPILER_LAUNCHIMAGE_NAME = LaunchImage;
				CODE_SIGN_STYLE = Automatic;
				DEVELOPMENT_TEAM = H4R66KW2PW;
				INFOPLIST_FILE = "App-Swoosh/Info.plist";
				LD_RUNPATH_SEARCH_PATHS = (
					"$(inherited)",
					"@executable_path/Frameworks",
				);
				PRODUCT_BUNDLE_IDENTIFIER = "com.oneorangetree.App-Swoosh";
				PRODUCT_NAME = "$(TARGET_NAME)";
				SWIFT_VERSION = 4.2;
				TARGETED_DEVICE_FAMILY = "1,2";
			};
			name = Release;
		};
/* End XCBuildConfiguration section */

/* Begin XCConfigurationList section */
		660C7E4F2202BE0E00A39687 /* Build configuration list for PBXProject "App-Swoosh" */ = {
			isa = XCConfigurationList;
			buildConfigurations = (
				660C7E642202BE1000A39687 /* Debug */,
				660C7E652202BE1000A39687 /* Release */,
			);
			defaultConfigurationIsVisible = 0;
			defaultConfigurationName = Release;
		};
		660C7E662202BE1000A39687 /* Build configuration list for PBXNativeTarget "App-Swoosh" */ = {
			isa = XCConfigurationList;
			buildConfigurations = (
				660C7E672202BE1000A39687 /* Debug */,
				660C7E682202BE1000A39687 /* Release */,
			);
			defaultConfigurationIsVisible = 0;
			defaultConfigurationName = Release;
		};
/* End XCConfigurationList section */
	};
	rootObject = 660C7E4C2202BE0E00A39687 /* Project object */;
}
